
Microsoft Visual Studio Solution File, Format Version 12.00
# Visual Studio Version 16
VisualStudioVersion = 16.0.30011.22
MinimumVisualStudioVersion = 10.0.40219.1
Project("{FAE04EC0-301F-11D3-BF4B-00C04F79EFBC}") = "ViwolfRentals.FrontEnd.Web", "ViwolfRentals.FrontEnd.Web\ViwolfRentals.FrontEnd.Web.csproj", "{F731FC09-BD16-4FE2-BCB4-FCBDA1FB1193}"
EndProject
Project("{FAE04EC0-301F-11D3-BF4B-00C04F79EFBC}") = "Viwolf.Rentals.Controllers", "Viwolf.Rentals.Controllers\Viwolf.Rentals.Controllers.csproj", "{99C04D03-393D-49AF-B794-D3DF695FBE12}"
EndProject
Project("{2150E333-8FDC-42A3-9474-1A3956D46DE8}") = "Web", "Web", "{15D3B61A-A777-4A33-8EEF-829716FBBF5E}"
EndProject
Project("{2150E333-8FDC-42A3-9474-1A3956D46DE8}") = "Main", "Main", "{601216BB-7266-43DA-BE0B-9FECE23D243D}"
EndProject
Project("{2150E333-8FDC-42A3-9474-1A3956D46DE8}") = "Login", "Login", "{8F20887A-95C3-4A3B-B8CF-8DBF7ED3761B}"
EndProject
Project("{FAE04EC0-301F-11D3-BF4B-00C04F79EFBC}") = "ViwolfRentals.FrontEnd.Controllers.Login", "ViwolfRentals.FrontEnd.Controllers.Login\ViwolfRentals.FrontEnd.Controllers.Login.csproj", "{05D69ABC-CDF1-4578-86CA-953A98466506}"
EndProject
Global
	GlobalSection(SolutionConfigurationPlatforms) = preSolution
		Debug|Any CPU = Debug|Any CPU
		Release|Any CPU = Release|Any CPU
	EndGlobalSection
	GlobalSection(ProjectConfigurationPlatforms) = postSolution
		{F731FC09-BD16-4FE2-BCB4-FCBDA1FB1193}.Debug|Any CPU.ActiveCfg = Debug|Any CPU
		{F731FC09-BD16-4FE2-BCB4-FCBDA1FB1193}.Debug|Any CPU.Build.0 = Debug|Any CPU
		{F731FC09-BD16-4FE2-BCB4-FCBDA1FB1193}.Release|Any CPU.ActiveCfg = Release|Any CPU
		{F731FC09-BD16-4FE2-BCB4-FCBDA1FB1193}.Release|Any CPU.Build.0 = Release|Any CPU
		{99C04D03-393D-49AF-B794-D3DF695FBE12}.Debug|Any CPU.ActiveCfg = Debug|Any CPU
		{99C04D03-393D-49AF-B794-D3DF695FBE12}.Debug|Any CPU.Build.0 = Debug|Any CPU
		{99C04D03-393D-49AF-B794-D3DF695FBE12}.Release|Any CPU.ActiveCfg = Release|Any CPU
		{99C04D03-393D-49AF-B794-D3DF695FBE12}.Release|Any CPU.Build.0 = Release|Any CPU
		{05D69ABC-CDF1-4578-86CA-953A98466506}.Debug|Any CPU.ActiveCfg = Debug|Any CPU
		{05D69ABC-CDF1-4578-86CA-953A98466506}.Debug|Any CPU.Build.0 = Debug|Any CPU
		{05D69ABC-CDF1-4578-86CA-953A98466506}.Release|Any CPU.ActiveCfg = Release|Any CPU
		{05D69ABC-CDF1-4578-86CA-953A98466506}.Release|Any CPU.Build.0 = Release|Any CPU
	EndGlobalSection
	GlobalSection(SolutionProperties) = preSolution
		HideSolutionNode = FALSE
	EndGlobalSection
	GlobalSection(NestedProjects) = preSolution
		{F731FC09-BD16-4FE2-BCB4-FCBDA1FB1193} = {601216BB-7266-43DA-BE0B-9FECE23D243D}
		{99C04D03-393D-49AF-B794-D3DF695FBE12} = {601216BB-7266-43DA-BE0B-9FECE23D243D}
		{601216BB-7266-43DA-BE0B-9FECE23D243D} = {15D3B61A-A777-4A33-8EEF-829716FBBF5E}
		{8F20887A-95C3-4A3B-B8CF-8DBF7ED3761B} = {15D3B61A-A777-4A33-8EEF-829716FBBF5E}
		{05D69ABC-CDF1-4578-86CA-953A98466506} = {8F20887A-95C3-4A3B-B8CF-8DBF7ED3761B}
	EndGlobalSection
	GlobalSection(ExtensibilityGlobals) = postSolution
		SolutionGuid = {C77D6963-4C13-4631-BDD7-0F1F5D508EB6}
	EndGlobalSection
EndGlobal
