
Microsoft Visual Studio Solution File, Format Version 12.00
# Visual Studio Version 16
VisualStudioVersion = 16.0.30011.22
MinimumVisualStudioVersion = 10.0.40219.1
Project("{FAE04EC0-301F-11D3-BF4B-00C04F79EFBC}") = "ViwolfRentals.FrontEnd.Web", "ViwolfRentals.FrontEnd.Web\ViwolfRentals.FrontEnd.Web.csproj", "{F731FC09-BD16-4FE2-BCB4-FCBDA1FB1193}"
EndProject
Project("{FAE04EC0-301F-11D3-BF4B-00C04F79EFBC}") = "Viwolf.Rentals.Controllers", "Viwolf.Rentals.Controllers\Viwolf.Rentals.Controllers.csproj", "{99C04D03-393D-49AF-B794-D3DF695FBE12}"
EndProject
Global
	GlobalSection(SolutionConfigurationPlatforms) = preSolution
		Debug|Any CPU = Debug|Any CPU
		Release|Any CPU = Release|Any CPU
	EndGlobalSection
	GlobalSection(ProjectConfigurationPlatforms) = postSolution
		{F731FC09-BD16-4FE2-BCB4-FCBDA1FB1193}.Debug|Any CPU.ActiveCfg = Debug|Any CPU
		{F731FC09-BD16-4FE2-BCB4-FCBDA1FB1193}.Debug|Any CPU.Build.0 = Debug|Any CPU
		{F731FC09-BD16-4FE2-BCB4-FCBDA1FB1193}.Release|Any CPU.ActiveCfg = Release|Any CPU
		{F731FC09-BD16-4FE2-BCB4-FCBDA1FB1193}.Release|Any CPU.Build.0 = Release|Any CPU
		{99C04D03-393D-49AF-B794-D3DF695FBE12}.Debug|Any CPU.ActiveCfg = Debug|Any CPU
		{99C04D03-393D-49AF-B794-D3DF695FBE12}.Debug|Any CPU.Build.0 = Debug|Any CPU
		{99C04D03-393D-49AF-B794-D3DF695FBE12}.Release|Any CPU.ActiveCfg = Release|Any CPU
		{99C04D03-393D-49AF-B794-D3DF695FBE12}.Release|Any CPU.Build.0 = Release|Any CPU
	EndGlobalSection
	GlobalSection(SolutionProperties) = preSolution
		HideSolutionNode = FALSE
	EndGlobalSection
	GlobalSection(ExtensibilityGlobals) = postSolution
		SolutionGuid = {C77D6963-4C13-4631-BDD7-0F1F5D508EB6}
	EndGlobalSection
EndGlobal
